{
    "version": 3,
    "terraform_version": "0.11.7",
    "serial": 29,
    "lineage": "0ec0ed7a-7411-698f-ed98-169e62ecc3bc",
    "modules": [
        {
            "path": [
                "root"
            ],
            "outputs": {},
            "resources": {
                "openstack_compute_instance_v2.TomCat": {
                    "type": "openstack_compute_instance_v2",
                    "depends_on": [],
                    "primary": {
                        "id": "a172e1a1-ce6f-4c1a-a7a9-1fefbf0ff384",
                        "attributes": {
                            "access_ip_v4": "10.10.10.11",
                            "access_ip_v6": "",
                            "all_metadata.%": "0",
                            "availability_zone": "nova",
                            "flavor_id": "cbcd1bb3-73a3-40e8-90b3-b794b6bec150",
                            "flavor_name": "Centos",
                            "force_delete": "false",
                            "id": "a172e1a1-ce6f-4c1a-a7a9-1fefbf0ff384",
                            "image_id": "cd4c2804-eba3-4063-98c2-69de61458007",
                            "image_name": "GOLD",
                            "key_pair": "Terraform",
                            "name": "TomCat",
                            "network.#": "1",
                            "network.0.access_network": "false",
                            "network.0.fixed_ip_v4": "10.10.10.11",
                            "network.0.fixed_ip_v6": "",
                            "network.0.floating_ip": "",
                            "network.0.mac": "fa:16:3e:d6:5e:07",
                            "network.0.name": "Private",
                            "network.0.port": "",
                            "network.0.uuid": "16d0ce16-b87f-42c5-9fb1-e0aba6a11746",
                            "region": "RegionOne",
                            "security_groups.#": "1",
                            "security_groups.3814588639": "default",
                            "stop_before_destroy": "false"
                        },
                        "meta": {
                            "e2bfb730-ecaa-11e6-8f88-34363bc7c4c0": {
                                "create": 1800000000000,
                                "delete": 1800000000000,
                                "update": 1800000000000
                            }
                        },
                        "tainted": false
                    },
                    "deposed": [],
                    "provider": "provider.openstack"
                }
            },
            "depends_on": []
        }
    ]
}
